
Microsoft Visual Studio Solution File, Format Version 12.00
# Visual Studio Version 17
VisualStudioVersion = 17.8.34330.188
MinimumVisualStudioVersion = 10.0.40219.1
Project("{FAE04EC0-301F-11D3-BF4B-00C04F79EFBC}") = "Bamboo-cardDeveloperCodingTest", "Bamboo-cardDeveloperCodingTest\Bamboo-cardDeveloperCodingTest.csproj", "{DFB59E85-71C7-4E1D-AE36-8DA860198C11}"
EndProject
Global
	GlobalSection(SolutionConfigurationPlatforms) = preSolution
		Debug|Any CPU = Debug|Any CPU
		Release|Any CPU = Release|Any CPU
	EndGlobalSection
	GlobalSection(ProjectConfigurationPlatforms) = postSolution
		{DFB59E85-71C7-4E1D-AE36-8DA860198C11}.Debug|Any CPU.ActiveCfg = Debug|Any CPU
		{DFB59E85-71C7-4E1D-AE36-8DA860198C11}.Debug|Any CPU.Build.0 = Debug|Any CPU
		{DFB59E85-71C7-4E1D-AE36-8DA860198C11}.Release|Any CPU.ActiveCfg = Release|Any CPU
		{DFB59E85-71C7-4E1D-AE36-8DA860198C11}.Release|Any CPU.Build.0 = Release|Any CPU
	EndGlobalSection
	GlobalSection(SolutionProperties) = preSolution
		HideSolutionNode = FALSE
	EndGlobalSection
	GlobalSection(ExtensibilityGlobals) = postSolution
		SolutionGuid = {761966EB-7593-4B3B-88D2-2B4F748B46A7}
	EndGlobalSection
EndGlobal
